Microsoft Visual Studio Solution File, Format Version 12.00
# Visual Studio Version 17
VisualStudioVersion = 17.5.33502.453
MinimumVisualStudioVersion = 10.0.40219.1
Project("{9A19103F-16F7-4668-BE54-9A1E7A4F7556}") = "Fellowmind.OData.Client", "Fellowmind.OData.Client\Fellowmind.OData.Client.csproj", "{8CDC780D-5626-44EF-A376-4C2568D3F459}"
EndProject
Project("{9A19103F-16F7-4668-BE54-9A1E7A4F7556}") = "Fellowmind.OData.Tests", "Fellowmind.OData.Tests\Fellowmind.OData.Tests.csproj", "{2B55DF30-6913-4372-9130-FD247510156F}"
EndProject
Project("{9A19103F-16F7-4668-BE54-9A1E7A4F7556}") = "Fellowmind.OData.Client.Core", "Fellowmind.OData.Client.Core\Fellowmind.OData.Client.Core.csproj", "{3546AE3A-F44F-4454-BC67-79715599DF93}"
EndProject
Project("{9A19103F-16F7-4668-BE54-9A1E7A4F7556}") = "Fellowmind.OData.Client.Authentication.IdentityClient", "Fellowmind.OData.Client.IdentityClient\Fellowmind.OData.Client.Authentication.IdentityClient.csproj", "{1C639760-FD9F-475A-9E0F-F61543551106}"
EndProject
Project("{9A19103F-16F7-4668-BE54-9A1E7A4F7556}") = "Fellowmind.OData.TestServer", "Fellowmind.OData.TestServer\Fellowmind.OData.TestServer.csproj", "{60FD5B31-BCBA-48C6-92DB-113B41AAD12F}"
EndProject
Project("{9A19103F-16F7-4668-BE54-9A1E7A4F7556}") = "Fellowmind.OData.Test.Models", "Fellowmind.OData.Test.Models\Fellowmind.OData.Test.Models.csproj", "{72DBDDB6-97D1-46C3-B332-94AE21C7B475}"
EndProject
Project("{9A19103F-16F7-4668-BE54-9A1E7A4F7556}") = "Fellowmind.OData.Client.Authentication.AzureIdentity", "Fellowmind.OData.Client.Authentication.AzureIdentity\Fellowmind.OData.Client.Authentication.AzureIdentity.csproj", "{0F0AE19E-7C7A-43C3-AA2C-F9F84A617DB8}"
EndProject
Project("{2150E333-8FDC-42A3-9474-1A3956D46DE8}") = "Solution Items", "Solution Items", "{586A2C09-5165-4257-A000-EF2FBD11B579}"
	ProjectSection(SolutionItems) = preProject
		.editorconfig = .editorconfig
	EndProjectSection
EndProject
Global
	GlobalSection(SolutionConfigurationPlatforms) = preSolution
		Debug|Any CPU = Debug|Any CPU
		Release|Any CPU = Release|Any CPU
	EndGlobalSection
	GlobalSection(ProjectConfigurationPlatforms) = postSolution
		{8CDC780D-5626-44EF-A376-4C2568D3F459}.Debug|Any CPU.ActiveCfg = Debug|Any CPU
		{8CDC780D-5626-44EF-A376-4C2568D3F459}.Debug|Any CPU.Build.0 = Debug|Any CPU
		{8CDC780D-5626-44EF-A376-4C2568D3F459}.Release|Any CPU.ActiveCfg = Release|Any CPU
		{8CDC780D-5626-44EF-A376-4C2568D3F459}.Release|Any CPU.Build.0 = Release|Any CPU
		{2B55DF30-6913-4372-9130-FD247510156F}.Debug|Any CPU.ActiveCfg = Debug|Any CPU
		{2B55DF30-6913-4372-9130-FD247510156F}.Debug|Any CPU.Build.0 = Debug|Any CPU
		{2B55DF30-6913-4372-9130-FD247510156F}.Release|Any CPU.ActiveCfg = Release|Any CPU
		{2B55DF30-6913-4372-9130-FD247510156F}.Release|Any CPU.Build.0 = Release|Any CPU
		{3546AE3A-F44F-4454-BC67-79715599DF93}.Debug|Any CPU.ActiveCfg = Debug|Any CPU
		{3546AE3A-F44F-4454-BC67-79715599DF93}.Debug|Any CPU.Build.0 = Debug|Any CPU
		{3546AE3A-F44F-4454-BC67-79715599DF93}.Release|Any CPU.ActiveCfg = Release|Any CPU
		{3546AE3A-F44F-4454-BC67-79715599DF93}.Release|Any CPU.Build.0 = Release|Any CPU
		{1C639760-FD9F-475A-9E0F-F61543551106}.Debug|Any CPU.ActiveCfg = Debug|Any CPU
		{1C639760-FD9F-475A-9E0F-F61543551106}.Debug|Any CPU.Build.0 = Debug|Any CPU
		{1C639760-FD9F-475A-9E0F-F61543551106}.Release|Any CPU.ActiveCfg = Release|Any CPU
		{1C639760-FD9F-475A-9E0F-F61543551106}.Release|Any CPU.Build.0 = Release|Any CPU
		{60FD5B31-BCBA-48C6-92DB-113B41AAD12F}.Debug|Any CPU.ActiveCfg = Debug|Any CPU
		{60FD5B31-BCBA-48C6-92DB-113B41AAD12F}.Debug|Any CPU.Build.0 = Debug|Any CPU
		{60FD5B31-BCBA-48C6-92DB-113B41AAD12F}.Release|Any CPU.ActiveCfg = Release|Any CPU
		{60FD5B31-BCBA-48C6-92DB-113B41AAD12F}.Release|Any CPU.Build.0 = Release|Any CPU
		{72DBDDB6-97D1-46C3-B332-94AE21C7B475}.Debug|Any CPU.ActiveCfg = Debug|Any CPU
		{72DBDDB6-97D1-46C3-B332-94AE21C7B475}.Debug|Any CPU.Build.0 = Debug|Any CPU
		{72DBDDB6-97D1-46C3-B332-94AE21C7B475}.Release|Any CPU.ActiveCfg = Release|Any CPU
		{72DBDDB6-97D1-46C3-B332-94AE21C7B475}.Release|Any CPU.Build.0 = Release|Any CPU
		{0F0AE19E-7C7A-43C3-AA2C-F9F84A617DB8}.Debug|Any CPU.ActiveCfg = Debug|Any CPU
		{0F0AE19E-7C7A-43C3-AA2C-F9F84A617DB8}.Debug|Any CPU.Build.0 = Debug|Any CPU
		{0F0AE19E-7C7A-43C3-AA2C-F9F84A617DB8}.Release|Any CPU.ActiveCfg = Release|Any CPU
		{0F0AE19E-7C7A-43C3-AA2C-F9F84A617DB8}.Release|Any CPU.Build.0 = Release|Any CPU
	EndGlobalSection
	GlobalSection(SolutionProperties) = preSolution
		HideSolutionNode = FALSE
	EndGlobalSection
	GlobalSection(ExtensibilityGlobals) = postSolution
		SolutionGuid = {B9E78130-3D4A-4B7E-9D03-7E261EE32798}
	EndGlobalSection
EndGlobal
